{
  "lockfile_version": "1",
  "packages": {
    "dotenv-cli@latest": {
      "last_modified": "2024-07-10T06:55:44Z",
      "resolved": "github:NixOS/nixpkgs/aa9461550594533c29866d42f861b6ff079a7fb6#dotenv-cli",
      "source": "devbox-search",
      "version": "7.4.3",
      "systems": {
        "aarch64-darwin": {
          "outputs": [
            {
              "name": "out",
              "path": "/nix/store/182l5dj16c1xj22rpav3p0rhbiq7p5iy-dotenv-cli-7.4.3",
              "default": true
            }
          ],
          "store_path": "/nix/store/182l5dj16c1xj22rpav3p0rhbiq7p5iy-dotenv-cli-7.4.3"
        },
        "aarch64-linux": {
          "outputs": [
            {
              "name": "out",
              "path": "/nix/store/mh37dn3d2hwmrf4sj6xz5kh4qh25n496-dotenv-cli-7.4.3",
              "default": true
            }
          ],
          "store_path": "/nix/store/mh37dn3d2hwmrf4sj6xz5kh4qh25n496-dotenv-cli-7.4.3"
        },
        "x86_64-darwin": {
          "outputs": [
            {
              "name": "out",
              "path": "/nix/store/3mwh1gq4hxphcr8pm5iy4zvv80dr152j-dotenv-cli-7.4.3",
              "default": true
            }
          ],
          "store_path": "/nix/store/3mwh1gq4hxphcr8pm5iy4zvv80dr152j-dotenv-cli-7.4.3"
        },
        "x86_64-linux": {
          "outputs": [
            {
              "name": "out",
              "path": "/nix/store/v2q51a3fbkpd3492pbxbcdsvywy9ll9v-dotenv-cli-7.4.3",
              "default": true
            }
          ],
          "store_path": "/nix/store/v2q51a3fbkpd3492pbxbcdsvywy9ll9v-dotenv-cli-7.4.3"
        }
      }
    },
    "nodejs@20.14.0": {
      "last_modified": "2024-07-07T16:08:25Z",
      "plugin_version": "0.0.2",
      "resolved": "github:NixOS/nixpkgs/ab82a9612aa45284d4adf69ee81871a389669a9e#nodejs_20",
      "source": "devbox-search",
      "version": "20.14.0",
      "systems": {
        "aarch64-darwin": {
          "outputs": [
            {
              "name": "out",
              "path": "/nix/store/pvq8wjlmm8sh7b90nx731yhid328h21g-nodejs-20.14.0",
              "default": true
            },
            {
              "name": "libv8",
              "path": "/nix/store/8nr69w0gqwnm9sq76a0i3gkfb54yj0r9-nodejs-20.14.0-libv8"
            }
          ],
          "store_path": "/nix/store/pvq8wjlmm8sh7b90nx731yhid328h21g-nodejs-20.14.0"
        },
        "aarch64-linux": {
          "outputs": [
            {
              "name": "out",
              "path": "/nix/store/r1nwmlbsn67f5rhayr7jjjdmiflxpk92-nodejs-20.14.0",
              "default": true
            },
            {
              "name": "libv8",
              "path": "/nix/store/5ii3xkbd3iv0xvqqvjg3agsm0dinidgm-nodejs-20.14.0-libv8"
            }
          ],
          "store_path": "/nix/store/r1nwmlbsn67f5rhayr7jjjdmiflxpk92-nodejs-20.14.0"
        },
        "x86_64-darwin": {
          "outputs": [
            {
              "name": "out",
              "path": "/nix/store/3m1pb6p2kpwyhn1im7mimz3ps4dx7z14-nodejs-20.14.0",
              "default": true
            },
            {
              "name": "libv8",
              "path": "/nix/store/q09kcg4qcl1mjga8spfjgzwmp5clhkfw-nodejs-20.14.0-libv8"
            }
          ],
          "store_path": "/nix/store/3m1pb6p2kpwyhn1im7mimz3ps4dx7z14-nodejs-20.14.0"
        },
        "x86_64-linux": {
          "outputs": [
            {
              "name": "out",
              "path": "/nix/store/ilkfhnqz4xczrliqjva8770x2svbfznd-nodejs-20.14.0",
              "default": true
            },
            {
              "name": "libv8",
              "path": "/nix/store/2qaf68dzimr8as4bgli0xmsn11c0ah2j-nodejs-20.14.0-libv8"
            }
          ],
          "store_path": "/nix/store/ilkfhnqz4xczrliqjva8770x2svbfznd-nodejs-20.14.0"
        }
      }
    },
    "supabase-cli@latest": {
      "last_modified": "2024-07-07T16:08:25Z",
      "resolved": "github:NixOS/nixpkgs/ab82a9612aa45284d4adf69ee81871a389669a9e#supabase-cli",
      "source": "devbox-search",
      "version": "1.183.0",
      "systems": {
        "aarch64-darwin": {
          "outputs": [
            {
              "name": "out",
              "path": "/nix/store/mx81nxxpyqamkffa0nxw829c1v10y7wa-supabase-cli-1.183.0",
              "default": true
            }
          ],
          "store_path": "/nix/store/mx81nxxpyqamkffa0nxw829c1v10y7wa-supabase-cli-1.183.0"
        },
        "aarch64-linux": {
          "outputs": [
            {
              "name": "out",
              "path": "/nix/store/3cvrr1nkzxdsdn46jvby49ijxvqj6mny-supabase-cli-1.183.0",
              "default": true
            }
          ],
          "store_path": "/nix/store/3cvrr1nkzxdsdn46jvby49ijxvqj6mny-supabase-cli-1.183.0"
        },
        "x86_64-darwin": {
          "outputs": [
            {
              "name": "out",
              "path": "/nix/store/q7kz2js0y31x7402r7d47ijaqcylq7vp-supabase-cli-1.183.0",
              "default": true
            }
          ],
          "store_path": "/nix/store/q7kz2js0y31x7402r7d47ijaqcylq7vp-supabase-cli-1.183.0"
        },
        "x86_64-linux": {
          "outputs": [
            {
              "name": "out",
              "path": "/nix/store/h00mrwshy6pw1z3prfjbrsbblb2i2ja7-supabase-cli-1.183.0",
              "default": true
            }
          ],
          "store_path": "/nix/store/h00mrwshy6pw1z3prfjbrsbblb2i2ja7-supabase-cli-1.183.0"
        }
      }
    },
    "turbo@latest": {
      "last_modified": "2024-07-07T16:08:25Z",
      "resolved": "github:NixOS/nixpkgs/ab82a9612aa45284d4adf69ee81871a389669a9e#turbo",
      "source": "devbox-search",
      "version": "1.13.2",
      "systems": {
        "aarch64-darwin": {
          "outputs": [
            {
              "name": "out",
              "path": "/nix/store/2rqr6gl3dn7x7zr4nkj4x8msrxnkxhn5-turbo-1.13.2",
              "default": true
            }
          ],
          "store_path": "/nix/store/2rqr6gl3dn7x7zr4nkj4x8msrxnkxhn5-turbo-1.13.2"
        },
        "aarch64-linux": {
          "outputs": [
            {
              "name": "out",
              "path": "/nix/store/xyjq8543gjg9xrsja1ac4lzq3x3axg8b-turbo-1.13.2",
              "default": true
            }
          ],
          "store_path": "/nix/store/xyjq8543gjg9xrsja1ac4lzq3x3axg8b-turbo-1.13.2"
        },
        "x86_64-darwin": {
          "outputs": [
            {
              "name": "out",
              "path": "/nix/store/k552zrg79jxhfq734z23fw7kjrzwpbcx-turbo-1.13.2",
              "default": true
            }
          ],
          "store_path": "/nix/store/k552zrg79jxhfq734z23fw7kjrzwpbcx-turbo-1.13.2"
        },
        "x86_64-linux": {
          "outputs": [
            {
              "name": "out",
              "path": "/nix/store/6smn1ziy5c0v3gqlkkwkwy14xlwng652-turbo-1.13.2",
              "default": true
            }
          ],
          "store_path": "/nix/store/6smn1ziy5c0v3gqlkkwkwy14xlwng652-turbo-1.13.2"
        }
      }
    }
  }
}
